Microsoft Visual Studio Solution File, Format Version 8.00
Project("{8BC9CEB8-8B4A-11D0-8D11-00A0C91BC942}") = "cgame", "cgame\cgame.vcproj", "{7A357E1C-7A25-4D27-B25A-99782EB73EC8}"
	ProjectSection(ProjectDependencies) = postProject
	EndProjectSection
EndProject
Project("{8BC9CEB8-8B4A-11D0-8D11-00A0C91BC942}") = "game", "game\game.vcproj", "{52AC791D-2D31-4252-8901-8E87647D6BF6}"
	ProjectSection(ProjectDependencies) = postProject
	EndProjectSection
EndProject
Project("{8BC9CEB8-8B4A-11D0-8D11-00A0C91BC942}") = "ui", "ui\ui.vcproj", "{F5D5F24D-0055-4AD1-A06C-1F229505B6DA}"
	ProjectSection(ProjectDependencies) = postProject
	EndProjectSection
EndProject
Global
	GlobalSection(SolutionConfiguration) = preSolution
		Debug = Debug
		Release = Release
	EndGlobalSection
	GlobalSection(ProjectConfiguration) = postSolution
		{7A357E1C-7A25-4D27-B25A-99782EB73EC8}.Debug.ActiveCfg = Debug|Win32
		{7A357E1C-7A25-4D27-B25A-99782EB73EC8}.Debug.Build.0 = Debug|Win32
		{7A357E1C-7A25-4D27-B25A-99782EB73EC8}.Release.ActiveCfg = Release|Win32
		{7A357E1C-7A25-4D27-B25A-99782EB73EC8}.Release.Build.0 = Release|Win32
		{52AC791D-2D31-4252-8901-8E87647D6BF6}.Debug.ActiveCfg = Debug|Win32
		{52AC791D-2D31-4252-8901-8E87647D6BF6}.Debug.Build.0 = Debug|Win32
		{52AC791D-2D31-4252-8901-8E87647D6BF6}.Release.ActiveCfg = Release|Win32
		{52AC791D-2D31-4252-8901-8E87647D6BF6}.Release.Build.0 = Release|Win32
		{F5D5F24D-0055-4AD1-A06C-1F229505B6DA}.Debug.ActiveCfg = Debug|Win32
		{F5D5F24D-0055-4AD1-A06C-1F229505B6DA}.Debug.Build.0 = Debug|Win32
		{F5D5F24D-0055-4AD1-A06C-1F229505B6DA}.Release.ActiveCfg = Release|Win32
		{F5D5F24D-0055-4AD1-A06C-1F229505B6DA}.Release.Build.0 = Release|Win32
	EndGlobalSection
	GlobalSection(ExtensibilityGlobals) = postSolution
	EndGlobalSection
	GlobalSection(ExtensibilityAddIns) = postSolution
	EndGlobalSection
EndGlobal
